
Microsoft Visual Studio Solution File, Format Version 12.00
Project("{2150E333-8FDC-42A3-9474-1A3956D46DE8}") = "Logic", "Logic", "{DA272739-2F85-4109-8B1D-9F29BF75CB36}"
EndProject
Project("{2150E333-8FDC-42A3-9474-1A3956D46DE8}") = "Testing", "Testing", "{589EED31-8586-46F4-B1CF-9483312BF6E0}"
EndProject
Project("{2150E333-8FDC-42A3-9474-1A3956D46DE8}") = "Benchmarks", "Benchmarks", "{80DCED8F-0918-4A22-896C-C6BDAC63868B}"
EndProject
Project("{FAE04EC0-301F-11D3-BF4B-00C04F79EFBC}") = "WCountLib.Abstractions", "WCountLib.Abstractions\WCountLib.Abstractions.csproj", "{04C25C31-A034-4F90-A49B-4D018E7B02C0}"
EndProject
Project("{FAE04EC0-301F-11D3-BF4B-00C04F79EFBC}") = "WCountLib.Testing", "WCountLib.Testing\WCountLib.Testing.csproj", "{D5991F62-44A9-4590-ADDF-2044F74A391F}"
EndProject
Project("{FAE04EC0-301F-11D3-BF4B-00C04F79EFBC}") = "WCountLib", "WCountLib\WCountLib.csproj", "{74E44E7A-DEEF-4125-9B0A-1F1303E35A99}"
EndProject
Project("{FAE04EC0-301F-11D3-BF4B-00C04F79EFBC}") = "WCountLib.Extensions", "WCountLib.Extensions\WCountLib.Extensions.csproj", "{4A8D5BF1-639F-425D-9FCF-794702906CC2}"
EndProject
Project("{FAE04EC0-301F-11D3-BF4B-00C04F79EFBC}") = "WCountLib.Providers.wc", "WCountLib.Providers.wc\WCountLib.Providers.wc.csproj", "{0C6D5F3E-FC47-4F13-8E5F-21B71DC80B89}"
EndProject
Global
	GlobalSection(SolutionConfigurationPlatforms) = preSolution
		Debug|Any CPU = Debug|Any CPU
		Release|Any CPU = Release|Any CPU
	EndGlobalSection
	GlobalSection(NestedProjects) = preSolution
		{04C25C31-A034-4F90-A49B-4D018E7B02C0} = {DA272739-2F85-4109-8B1D-9F29BF75CB36}
		{D5991F62-44A9-4590-ADDF-2044F74A391F} = {589EED31-8586-46F4-B1CF-9483312BF6E0}
		{74E44E7A-DEEF-4125-9B0A-1F1303E35A99} = {DA272739-2F85-4109-8B1D-9F29BF75CB36}
		{4A8D5BF1-639F-425D-9FCF-794702906CC2} = {DA272739-2F85-4109-8B1D-9F29BF75CB36}
		{0C6D5F3E-FC47-4F13-8E5F-21B71DC80B89} = {DA272739-2F85-4109-8B1D-9F29BF75CB36}
	EndGlobalSection
	GlobalSection(ProjectConfigurationPlatforms) = postSolution
		{F1BF4DE9-F3F3-4C0E-8D55-DEACAC017C4A}.Debug|Any CPU.ActiveCfg = Debug|Any CPU
		{F1BF4DE9-F3F3-4C0E-8D55-DEACAC017C4A}.Debug|Any CPU.Build.0 = Debug|Any CPU
		{04C25C31-A034-4F90-A49B-4D018E7B02C0}.Debug|Any CPU.ActiveCfg = Debug|Any CPU
		{04C25C31-A034-4F90-A49B-4D018E7B02C0}.Debug|Any CPU.Build.0 = Debug|Any CPU
		{04C25C31-A034-4F90-A49B-4D018E7B02C0}.Release|Any CPU.ActiveCfg = Release|Any CPU
		{04C25C31-A034-4F90-A49B-4D018E7B02C0}.Release|Any CPU.Build.0 = Release|Any CPU
		{D5991F62-44A9-4590-ADDF-2044F74A391F}.Debug|Any CPU.ActiveCfg = Debug|Any CPU
		{D5991F62-44A9-4590-ADDF-2044F74A391F}.Debug|Any CPU.Build.0 = Debug|Any CPU
		{D5991F62-44A9-4590-ADDF-2044F74A391F}.Release|Any CPU.ActiveCfg = Release|Any CPU
		{D5991F62-44A9-4590-ADDF-2044F74A391F}.Release|Any CPU.Build.0 = Release|Any CPU
		{74E44E7A-DEEF-4125-9B0A-1F1303E35A99}.Debug|Any CPU.ActiveCfg = Debug|Any CPU
		{74E44E7A-DEEF-4125-9B0A-1F1303E35A99}.Debug|Any CPU.Build.0 = Debug|Any CPU
		{74E44E7A-DEEF-4125-9B0A-1F1303E35A99}.Release|Any CPU.ActiveCfg = Release|Any CPU
		{74E44E7A-DEEF-4125-9B0A-1F1303E35A99}.Release|Any CPU.Build.0 = Release|Any CPU
		{4A8D5BF1-639F-425D-9FCF-794702906CC2}.Debug|Any CPU.ActiveCfg = Debug|Any CPU
		{4A8D5BF1-639F-425D-9FCF-794702906CC2}.Debug|Any CPU.Build.0 = Debug|Any CPU
		{4A8D5BF1-639F-425D-9FCF-794702906CC2}.Release|Any CPU.ActiveCfg = Release|Any CPU
		{4A8D5BF1-639F-425D-9FCF-794702906CC2}.Release|Any CPU.Build.0 = Release|Any CPU
		{0C6D5F3E-FC47-4F13-8E5F-21B71DC80B89}.Debug|Any CPU.ActiveCfg = Debug|Any CPU
		{0C6D5F3E-FC47-4F13-8E5F-21B71DC80B89}.Debug|Any CPU.Build.0 = Debug|Any CPU
		{0C6D5F3E-FC47-4F13-8E5F-21B71DC80B89}.Release|Any CPU.ActiveCfg = Release|Any CPU
		{0C6D5F3E-FC47-4F13-8E5F-21B71DC80B89}.Release|Any CPU.Build.0 = Release|Any CPU
	EndGlobalSection
EndGlobal
