
Microsoft Visual Studio Solution File, Format Version 12.00
Project("{FAE04EC0-301F-11D3-BF4B-00C04F79EFBC}") = "WCountLib", "WCountLib\WCountLib.csproj", "{DB20906F-5F0C-4291-9F3B-63722E3AD073}"
EndProject
Project("{FAE04EC0-301F-11D3-BF4B-00C04F79EFBC}") = "WCountLib.Abstractions", "WCountLib.Abstractions\WCountLib.Abstractions.csproj", "{1D2527C8-1650-4B59-A92D-A365EE4D0211}"
EndProject
Project("{FAE04EC0-301F-11D3-BF4B-00C04F79EFBC}") = "WCountLib.Extensions", "WCountLib.Extensions\WCountLib.Extensions.csproj", "{68AD9791-92BA-41F3-96A3-EF719B5223BE}"
EndProject
Project("{FAE04EC0-301F-11D3-BF4B-00C04F79EFBC}") = "WCountLib.Providers.wc", "WCountLib.Providers.wc\WCountLib.Providers.wc.csproj", "{475DACCD-0823-4B0C-8019-982E6C62D753}"
EndProject
Global
	GlobalSection(SolutionConfigurationPlatforms) = preSolution
		Debug|Any CPU = Debug|Any CPU
		Release|Any CPU = Release|Any CPU
	EndGlobalSection
	GlobalSection(ProjectConfigurationPlatforms) = postSolution
		{DB20906F-5F0C-4291-9F3B-63722E3AD073}.Debug|Any CPU.ActiveCfg = Debug|Any CPU
		{DB20906F-5F0C-4291-9F3B-63722E3AD073}.Debug|Any CPU.Build.0 = Debug|Any CPU
		{DB20906F-5F0C-4291-9F3B-63722E3AD073}.Release|Any CPU.ActiveCfg = Release|Any CPU
		{DB20906F-5F0C-4291-9F3B-63722E3AD073}.Release|Any CPU.Build.0 = Release|Any CPU
		{1D2527C8-1650-4B59-A92D-A365EE4D0211}.Debug|Any CPU.ActiveCfg = Debug|Any CPU
		{1D2527C8-1650-4B59-A92D-A365EE4D0211}.Debug|Any CPU.Build.0 = Debug|Any CPU
		{1D2527C8-1650-4B59-A92D-A365EE4D0211}.Release|Any CPU.ActiveCfg = Release|Any CPU
		{1D2527C8-1650-4B59-A92D-A365EE4D0211}.Release|Any CPU.Build.0 = Release|Any CPU
		{68AD9791-92BA-41F3-96A3-EF719B5223BE}.Debug|Any CPU.ActiveCfg = Debug|Any CPU
		{68AD9791-92BA-41F3-96A3-EF719B5223BE}.Debug|Any CPU.Build.0 = Debug|Any CPU
		{68AD9791-92BA-41F3-96A3-EF719B5223BE}.Release|Any CPU.ActiveCfg = Release|Any CPU
		{68AD9791-92BA-41F3-96A3-EF719B5223BE}.Release|Any CPU.Build.0 = Release|Any CPU
		{475DACCD-0823-4B0C-8019-982E6C62D753}.Debug|Any CPU.ActiveCfg = Debug|Any CPU
		{475DACCD-0823-4B0C-8019-982E6C62D753}.Debug|Any CPU.Build.0 = Debug|Any CPU
		{475DACCD-0823-4B0C-8019-982E6C62D753}.Release|Any CPU.ActiveCfg = Release|Any CPU
		{475DACCD-0823-4B0C-8019-982E6C62D753}.Release|Any CPU.Build.0 = Release|Any CPU
	EndGlobalSection
EndGlobal
