
Microsoft Visual Studio Solution File, Format Version 12.00
# Visual Studio Version 17
VisualStudioVersion = 17.12.35514.174 d17.12
MinimumVisualStudioVersion = 10.0.40219.1
Project("{FAE04EC0-301F-11D3-BF4B-00C04F79EFBC}") = "WCountLib", "WCount.Library\WCountLib.csproj", "{55E19C3A-3F48-48A7-A5C0-339006042D9E}"
EndProject
Project("{FAE04EC0-301F-11D3-BF4B-00C04F79EFBC}") = "WCountLib.ML", "WCountLib.ML\WCountLib.ML.csproj", "{C2527C9E-3BF5-45C7-8901-E7F8CF9FAF8C}"
EndProject
Global
	GlobalSection(SolutionConfigurationPlatforms) = preSolution
		Debug|Any CPU = Debug|Any CPU
		Release|Any CPU = Release|Any CPU
	EndGlobalSection
	GlobalSection(ProjectConfigurationPlatforms) = postSolution
		{55E19C3A-3F48-48A7-A5C0-339006042D9E}.Debug|Any CPU.ActiveCfg = Debug|Any CPU
		{55E19C3A-3F48-48A7-A5C0-339006042D9E}.Debug|Any CPU.Build.0 = Debug|Any CPU
		{55E19C3A-3F48-48A7-A5C0-339006042D9E}.Release|Any CPU.ActiveCfg = Release|Any CPU
		{55E19C3A-3F48-48A7-A5C0-339006042D9E}.Release|Any CPU.Build.0 = Release|Any CPU
		{C2527C9E-3BF5-45C7-8901-E7F8CF9FAF8C}.Debug|Any CPU.ActiveCfg = Debug|Any CPU
		{C2527C9E-3BF5-45C7-8901-E7F8CF9FAF8C}.Debug|Any CPU.Build.0 = Debug|Any CPU
		{C2527C9E-3BF5-45C7-8901-E7F8CF9FAF8C}.Release|Any CPU.ActiveCfg = Release|Any CPU
		{C2527C9E-3BF5-45C7-8901-E7F8CF9FAF8C}.Release|Any CPU.Build.0 = Release|Any CPU
	EndGlobalSection
	GlobalSection(SolutionProperties) = preSolution
		HideSolutionNode = FALSE
	EndGlobalSection
EndGlobal
