
Microsoft Visual Studio Solution File, Format Version 12.00
# Visual Studio Version 17
VisualStudioVersion = 17.12.35514.174
MinimumVisualStudioVersion = 10.0.40219.1
Project("{FAE04EC0-301F-11D3-BF4B-00C04F79EFBC}") = "WCountLib.ML", "WCountLib.ML\WCountLib.ML.csproj", "{18F76BD3-9617-4984-B527-56CB2911E043}"
EndProject
Project("{FAE04EC0-301F-11D3-BF4B-00C04F79EFBC}") = "WCountLib", "WCountLib\WCountLib.csproj", "{F9960782-FB70-4251-A241-BB4795C1A4BF}"
EndProject
Project("{FAE04EC0-301F-11D3-BF4B-00C04F79EFBC}") = "WCountAPI", "..\WCountWeb\WCountAPI\WCountAPI.csproj", "{822C911D-72D6-4132-AD69-4BADCDA70A27}"
EndProject
Global
	GlobalSection(SolutionConfigurationPlatforms) = preSolution
		Debug|Any CPU = Debug|Any CPU
		Release|Any CPU = Release|Any CPU
	EndGlobalSection
	GlobalSection(ProjectConfigurationPlatforms) = postSolution
		{18F76BD3-9617-4984-B527-56CB2911E043}.Debug|Any CPU.ActiveCfg = Debug|Any CPU
		{18F76BD3-9617-4984-B527-56CB2911E043}.Debug|Any CPU.Build.0 = Debug|Any CPU
		{18F76BD3-9617-4984-B527-56CB2911E043}.Release|Any CPU.ActiveCfg = Release|Any CPU
		{18F76BD3-9617-4984-B527-56CB2911E043}.Release|Any CPU.Build.0 = Release|Any CPU
		{F9960782-FB70-4251-A241-BB4795C1A4BF}.Debug|Any CPU.ActiveCfg = Debug|Any CPU
		{F9960782-FB70-4251-A241-BB4795C1A4BF}.Debug|Any CPU.Build.0 = Debug|Any CPU
		{F9960782-FB70-4251-A241-BB4795C1A4BF}.Release|Any CPU.ActiveCfg = Release|Any CPU
		{F9960782-FB70-4251-A241-BB4795C1A4BF}.Release|Any CPU.Build.0 = Release|Any CPU
		{822C911D-72D6-4132-AD69-4BADCDA70A27}.Debug|Any CPU.ActiveCfg = Debug|Any CPU
		{822C911D-72D6-4132-AD69-4BADCDA70A27}.Debug|Any CPU.Build.0 = Debug|Any CPU
		{822C911D-72D6-4132-AD69-4BADCDA70A27}.Release|Any CPU.ActiveCfg = Release|Any CPU
		{822C911D-72D6-4132-AD69-4BADCDA70A27}.Release|Any CPU.Build.0 = Release|Any CPU
	EndGlobalSection
	GlobalSection(SolutionProperties) = preSolution
		HideSolutionNode = FALSE
	EndGlobalSection
EndGlobal
