
Microsoft Visual Studio Solution File, Format Version 12.00
Project("{FAE04EC0-301F-11D3-BF4B-00C04F79EFBC}") = "WCountApi", "WCountApi\WCountApi.csproj", "{9B1C8E22-0337-41B4-9B04-45B23F8E4735}"
EndProject
Global
	GlobalSection(SolutionConfigurationPlatforms) = preSolution
		Debug|Any CPU = Debug|Any CPU
		Release|Any CPU = Release|Any CPU
	EndGlobalSection
	GlobalSection(ProjectConfigurationPlatforms) = postSolution
		{9B1C8E22-0337-41B4-9B04-45B23F8E4735}.Debug|Any CPU.ActiveCfg = Debug|Any CPU
		{9B1C8E22-0337-41B4-9B04-45B23F8E4735}.Debug|Any CPU.Build.0 = Debug|Any CPU
		{9B1C8E22-0337-41B4-9B04-45B23F8E4735}.Release|Any CPU.ActiveCfg = Release|Any CPU
		{9B1C8E22-0337-41B4-9B04-45B23F8E4735}.Release|Any CPU.Build.0 = Release|Any CPU
	EndGlobalSection
EndGlobal
