
Microsoft Visual Studio Solution File, Format Version 12.00
Project("{2150E333-8FDC-42A3-9474-1A3956D46DE8}") = "Logic", "Logic", "{DA272739-2F85-4109-8B1D-9F29BF75CB36}"
EndProject
Project("{2150E333-8FDC-42A3-9474-1A3956D46DE8}") = "Testing", "Testing", "{589EED31-8586-46F4-B1CF-9483312BF6E0}"
EndProject
Project("{2150E333-8FDC-42A3-9474-1A3956D46DE8}") = "Benchmarks", "WCountLib\Benchmarks", "{80DCED8F-0918-4A22-896C-C6BDAC63868B}"
EndProject
Project("{FAE04EC0-301F-11D3-BF4B-00C04F79EFBC}") = "WCountApi", "WCountApi\WCountApi.csproj", "{F1BF4DE9-F3F3-4C0E-8D55-DEACAC017C4A}"
EndProject
Project("{FAE04EC0-301F-11D3-BF4B-00C04F79EFBC}") = "WCountLib", "..\lib\WCountLib\WCountLib.csproj", "{6F003BD8-1AD6-4FBF-888E-CE8D09256903}"
EndProject
Project("{FAE04EC0-301F-11D3-BF4B-00C04F79EFBC}") = "WCountLib.Abstractions", "..\lib\WCountLib.Abstractions\WCountLib.Abstractions.csproj", "{FCD34D21-0916-4D95-BB84-01EC76607BE0}"
EndProject
Project("{FAE04EC0-301F-11D3-BF4B-00C04F79EFBC}") = "WCountLib.Providers.wc", "..\lib\WCountLib.Providers.wc\WCountLib.Providers.wc.csproj", "{84CB2B15-894B-4702-92BD-112E7DAD42FB}"
EndProject
Global
	GlobalSection(SolutionConfigurationPlatforms) = preSolution
		Debug|Any CPU = Debug|Any CPU
		Release|Any CPU = Release|Any CPU
	EndGlobalSection
	GlobalSection(NestedProjects) = preSolution
		{6F003BD8-1AD6-4FBF-888E-CE8D09256903} = {DA272739-2F85-4109-8B1D-9F29BF75CB36}
		{FCD34D21-0916-4D95-BB84-01EC76607BE0} = {DA272739-2F85-4109-8B1D-9F29BF75CB36}
		{84CB2B15-894B-4702-92BD-112E7DAD42FB} = {DA272739-2F85-4109-8B1D-9F29BF75CB36}
	EndGlobalSection
	GlobalSection(ProjectConfigurationPlatforms) = postSolution
		{F1BF4DE9-F3F3-4C0E-8D55-DEACAC017C4A}.Debug|Any CPU.ActiveCfg = Debug|Any CPU
		{F1BF4DE9-F3F3-4C0E-8D55-DEACAC017C4A}.Debug|Any CPU.Build.0 = Debug|Any CPU
		{F1BF4DE9-F3F3-4C0E-8D55-DEACAC017C4A}.Release|Any CPU.ActiveCfg = Release|Any CPU
		{F1BF4DE9-F3F3-4C0E-8D55-DEACAC017C4A}.Release|Any CPU.Build.0 = Release|Any CPU
		{6F003BD8-1AD6-4FBF-888E-CE8D09256903}.Debug|Any CPU.ActiveCfg = Debug|Any CPU
		{6F003BD8-1AD6-4FBF-888E-CE8D09256903}.Debug|Any CPU.Build.0 = Debug|Any CPU
		{6F003BD8-1AD6-4FBF-888E-CE8D09256903}.Release|Any CPU.ActiveCfg = Release|Any CPU
		{6F003BD8-1AD6-4FBF-888E-CE8D09256903}.Release|Any CPU.Build.0 = Release|Any CPU
		{FCD34D21-0916-4D95-BB84-01EC76607BE0}.Debug|Any CPU.ActiveCfg = Debug|Any CPU
		{FCD34D21-0916-4D95-BB84-01EC76607BE0}.Debug|Any CPU.Build.0 = Debug|Any CPU
		{FCD34D21-0916-4D95-BB84-01EC76607BE0}.Release|Any CPU.ActiveCfg = Release|Any CPU
		{FCD34D21-0916-4D95-BB84-01EC76607BE0}.Release|Any CPU.Build.0 = Release|Any CPU
		{84CB2B15-894B-4702-92BD-112E7DAD42FB}.Debug|Any CPU.ActiveCfg = Debug|Any CPU
		{84CB2B15-894B-4702-92BD-112E7DAD42FB}.Debug|Any CPU.Build.0 = Debug|Any CPU
		{84CB2B15-894B-4702-92BD-112E7DAD42FB}.Release|Any CPU.ActiveCfg = Release|Any CPU
		{84CB2B15-894B-4702-92BD-112E7DAD42FB}.Release|Any CPU.Build.0 = Release|Any CPU
	EndGlobalSection
EndGlobal
