
Microsoft Visual Studio Solution File, Format Version 12.00
# Visual Studio Version 17
VisualStudioVersion = 17.12.35707.178
MinimumVisualStudioVersion = 10.0.40219.1
Project("{FAE04EC0-301F-11D3-BF4B-00C04F79EFBC}") = "WCountLib", "WCountLib\WCountLib.csproj", "{9C2EE52B-B36D-4F43-B747-8BF051078377}"
EndProject
Project("{FAE04EC0-301F-11D3-BF4B-00C04F79EFBC}") = "WCountUI.Wasm", "WCountUI.Wasm\WCountUI.Wasm.csproj", "{4E998E59-7B3D-45C8-83FF-0F87C1E3C96B}"
EndProject
Project("{FAE04EC0-301F-11D3-BF4B-00C04F79EFBC}") = "WCountLib.Testing", "WCountLib.Testing\WCountLib.Testing.csproj", "{7234E260-AA9F-4EC1-BA7D-E7CD1E323954}"
EndProject
Project("{FAE04EC0-301F-11D3-BF4B-00C04F79EFBC}") = "WCountLib.Privacy", "WCountLib.Privacy\WCountLib.Privacy.csproj", "{9B0978FD-84F6-4E7D-BA48-87D5617A7AD8}"
EndProject
Project("{FAE04EC0-301F-11D3-BF4B-00C04F79EFBC}") = "WCount.Cli", "WCount.Cli\WCount.Cli.csproj", "{AF4CE8BB-9446-488E-8EDB-E1D07B8F2DDB}"
EndProject
Project("{FAE04EC0-301F-11D3-BF4B-00C04F79EFBC}") = "WCountLib.Extensions", "WCountLib.Extensions.DependencyInjection\WCountLib.Extensions.csproj", "{03D00D8B-BC46-40A2-B7A4-5261681E6931}"
EndProject
Global
	GlobalSection(SolutionConfigurationPlatforms) = preSolution
		Debug|Any CPU = Debug|Any CPU
		Release|Any CPU = Release|Any CPU
	EndGlobalSection
	GlobalSection(ProjectConfigurationPlatforms) = postSolution
		{9C2EE52B-B36D-4F43-B747-8BF051078377}.Debug|Any CPU.ActiveCfg = Debug|Any CPU
		{9C2EE52B-B36D-4F43-B747-8BF051078377}.Debug|Any CPU.Build.0 = Debug|Any CPU
		{9C2EE52B-B36D-4F43-B747-8BF051078377}.Release|Any CPU.ActiveCfg = Release|Any CPU
		{9C2EE52B-B36D-4F43-B747-8BF051078377}.Release|Any CPU.Build.0 = Release|Any CPU
		{4E998E59-7B3D-45C8-83FF-0F87C1E3C96B}.Debug|Any CPU.ActiveCfg = Debug|Any CPU
		{4E998E59-7B3D-45C8-83FF-0F87C1E3C96B}.Debug|Any CPU.Build.0 = Debug|Any CPU
		{4E998E59-7B3D-45C8-83FF-0F87C1E3C96B}.Release|Any CPU.ActiveCfg = Release|Any CPU
		{4E998E59-7B3D-45C8-83FF-0F87C1E3C96B}.Release|Any CPU.Build.0 = Release|Any CPU
		{7234E260-AA9F-4EC1-BA7D-E7CD1E323954}.Debug|Any CPU.ActiveCfg = Debug|Any CPU
		{7234E260-AA9F-4EC1-BA7D-E7CD1E323954}.Debug|Any CPU.Build.0 = Debug|Any CPU
		{7234E260-AA9F-4EC1-BA7D-E7CD1E323954}.Release|Any CPU.ActiveCfg = Release|Any CPU
		{7234E260-AA9F-4EC1-BA7D-E7CD1E323954}.Release|Any CPU.Build.0 = Release|Any CPU
		{9B0978FD-84F6-4E7D-BA48-87D5617A7AD8}.Debug|Any CPU.ActiveCfg = Debug|Any CPU
		{9B0978FD-84F6-4E7D-BA48-87D5617A7AD8}.Debug|Any CPU.Build.0 = Debug|Any CPU
		{9B0978FD-84F6-4E7D-BA48-87D5617A7AD8}.Release|Any CPU.ActiveCfg = Release|Any CPU
		{9B0978FD-84F6-4E7D-BA48-87D5617A7AD8}.Release|Any CPU.Build.0 = Release|Any CPU
		{AF4CE8BB-9446-488E-8EDB-E1D07B8F2DDB}.Debug|Any CPU.ActiveCfg = Debug|Any CPU
		{AF4CE8BB-9446-488E-8EDB-E1D07B8F2DDB}.Debug|Any CPU.Build.0 = Debug|Any CPU
		{AF4CE8BB-9446-488E-8EDB-E1D07B8F2DDB}.Release|Any CPU.ActiveCfg = Release|Any CPU
		{AF4CE8BB-9446-488E-8EDB-E1D07B8F2DDB}.Release|Any CPU.Build.0 = Release|Any CPU
		{03D00D8B-BC46-40A2-B7A4-5261681E6931}.Debug|Any CPU.ActiveCfg = Debug|Any CPU
		{03D00D8B-BC46-40A2-B7A4-5261681E6931}.Debug|Any CPU.Build.0 = Debug|Any CPU
		{03D00D8B-BC46-40A2-B7A4-5261681E6931}.Release|Any CPU.ActiveCfg = Release|Any CPU
		{03D00D8B-BC46-40A2-B7A4-5261681E6931}.Release|Any CPU.Build.0 = Release|Any CPU
	EndGlobalSection
	GlobalSection(SolutionProperties) = preSolution
		HideSolutionNode = FALSE
	EndGlobalSection
	GlobalSection(ExtensibilityGlobals) = postSolution
		SolutionGuid = {1DDAF0CF-BD93-4894-8B1F-1487A481165B}
	EndGlobalSection
EndGlobal
