
Microsoft Visual Studio Solution File, Format Version 12.00
Project("{2150E333-8FDC-42A3-9474-1A3956D46DE8}") = "Logic", "Logic", "{1CE0DD4D-7CDC-4D52-B7D6-29757060747E}"
EndProject
Project("{FAE04EC0-301F-11D3-BF4B-00C04F79EFBC}") = "WCountLib.Abstractions", "Logic\WCountLib.Abstractions\WCountLib.Abstractions.csproj", "{3F7D3B66-B5A9-4725-8F97-949B989F1198}"
EndProject
Project("{FAE04EC0-301F-11D3-BF4B-00C04F79EFBC}") = "WCountLib", "Logic\WCountLib\WCountLib.csproj", "{E7B0FBB9-6CF7-4CEC-A4BD-90D1D6256670}"
EndProject
Project("{FAE04EC0-301F-11D3-BF4B-00C04F79EFBC}") = "WCountLib.Providers.wc", "Logic\WCountLib.Providers.wc\WCountLib.Providers.wc.csproj", "{11E34994-066D-4152-AC64-5A78A6D14C7D}"
EndProject
Project("{2150E333-8FDC-42A3-9474-1A3956D46DE8}") = "UI", "UI", "{EB8BEB9E-180B-4A08-B408-28AC70071E24}"
EndProject
Project("{2150E333-8FDC-42A3-9474-1A3956D46DE8}") = "Tests", "Tests", "{C92E9111-BFDC-487D-86A7-2BB4EEB64F90}"
EndProject
Project("{FAE04EC0-301F-11D3-BF4B-00C04F79EFBC}") = "WCountLib.Testing", "Tests\WCountLib.Testing\WCountLib.Testing.csproj", "{D899EE6E-9B22-4F79-9D46-1BD190EB3162}"
EndProject
Project("{FAE04EC0-301F-11D3-BF4B-00C04F79EFBC}") = "WCount.Cli", "UI\WCount.Cli\WCount.Cli.csproj", "{F5381727-5890-4AD5-8930-1D745FE3EA30}"
EndProject
Project("{FAE04EC0-301F-11D3-BF4B-00C04F79EFBC}") = "WCountApi", "UI\WCountApi\WCountApi.csproj", "{56048FBC-92EF-433F-95E3-B8EA9554CBBF}"
EndProject
Project("{FAE04EC0-301F-11D3-BF4B-00C04F79EFBC}") = "WCountLib.Extensions", "Logic\WCountLib.Extensions\WCountLib.Extensions.csproj", "{B4E6794C-6EF6-43DE-9657-E7E1B0EEDBCC}"
EndProject
Global
	GlobalSection(SolutionConfigurationPlatforms) = preSolution
		Debug|Any CPU = Debug|Any CPU
		Release|Any CPU = Release|Any CPU
	EndGlobalSection
	GlobalSection(NestedProjects) = preSolution
		{3F7D3B66-B5A9-4725-8F97-949B989F1198} = {1CE0DD4D-7CDC-4D52-B7D6-29757060747E}
		{E7B0FBB9-6CF7-4CEC-A4BD-90D1D6256670} = {1CE0DD4D-7CDC-4D52-B7D6-29757060747E}
		{11E34994-066D-4152-AC64-5A78A6D14C7D} = {1CE0DD4D-7CDC-4D52-B7D6-29757060747E}
		{D899EE6E-9B22-4F79-9D46-1BD190EB3162} = {C92E9111-BFDC-487D-86A7-2BB4EEB64F90}
		{F5381727-5890-4AD5-8930-1D745FE3EA30} = {EB8BEB9E-180B-4A08-B408-28AC70071E24}
		{56048FBC-92EF-433F-95E3-B8EA9554CBBF} = {EB8BEB9E-180B-4A08-B408-28AC70071E24}
		{B4E6794C-6EF6-43DE-9657-E7E1B0EEDBCC} = {1CE0DD4D-7CDC-4D52-B7D6-29757060747E}
	EndGlobalSection
	GlobalSection(ProjectConfigurationPlatforms) = postSolution
		{3F7D3B66-B5A9-4725-8F97-949B989F1198}.Debug|Any CPU.ActiveCfg = Debug|Any CPU
		{3F7D3B66-B5A9-4725-8F97-949B989F1198}.Debug|Any CPU.Build.0 = Debug|Any CPU
		{3F7D3B66-B5A9-4725-8F97-949B989F1198}.Release|Any CPU.ActiveCfg = Release|Any CPU
		{3F7D3B66-B5A9-4725-8F97-949B989F1198}.Release|Any CPU.Build.0 = Release|Any CPU
		{E7B0FBB9-6CF7-4CEC-A4BD-90D1D6256670}.Debug|Any CPU.ActiveCfg = Debug|Any CPU
		{E7B0FBB9-6CF7-4CEC-A4BD-90D1D6256670}.Debug|Any CPU.Build.0 = Debug|Any CPU
		{E7B0FBB9-6CF7-4CEC-A4BD-90D1D6256670}.Release|Any CPU.ActiveCfg = Release|Any CPU
		{E7B0FBB9-6CF7-4CEC-A4BD-90D1D6256670}.Release|Any CPU.Build.0 = Release|Any CPU
		{11E34994-066D-4152-AC64-5A78A6D14C7D}.Debug|Any CPU.ActiveCfg = Debug|Any CPU
		{11E34994-066D-4152-AC64-5A78A6D14C7D}.Debug|Any CPU.Build.0 = Debug|Any CPU
		{11E34994-066D-4152-AC64-5A78A6D14C7D}.Release|Any CPU.ActiveCfg = Release|Any CPU
		{11E34994-066D-4152-AC64-5A78A6D14C7D}.Release|Any CPU.Build.0 = Release|Any CPU
		{D899EE6E-9B22-4F79-9D46-1BD190EB3162}.Debug|Any CPU.ActiveCfg = Debug|Any CPU
		{D899EE6E-9B22-4F79-9D46-1BD190EB3162}.Debug|Any CPU.Build.0 = Debug|Any CPU
		{D899EE6E-9B22-4F79-9D46-1BD190EB3162}.Release|Any CPU.ActiveCfg = Release|Any CPU
		{D899EE6E-9B22-4F79-9D46-1BD190EB3162}.Release|Any CPU.Build.0 = Release|Any CPU
		{F5381727-5890-4AD5-8930-1D745FE3EA30}.Debug|Any CPU.ActiveCfg = Debug|Any CPU
		{F5381727-5890-4AD5-8930-1D745FE3EA30}.Debug|Any CPU.Build.0 = Debug|Any CPU
		{F5381727-5890-4AD5-8930-1D745FE3EA30}.Release|Any CPU.ActiveCfg = Release|Any CPU
		{F5381727-5890-4AD5-8930-1D745FE3EA30}.Release|Any CPU.Build.0 = Release|Any CPU
		{56048FBC-92EF-433F-95E3-B8EA9554CBBF}.Debug|Any CPU.ActiveCfg = Debug|Any CPU
		{56048FBC-92EF-433F-95E3-B8EA9554CBBF}.Debug|Any CPU.Build.0 = Debug|Any CPU
		{56048FBC-92EF-433F-95E3-B8EA9554CBBF}.Release|Any CPU.ActiveCfg = Release|Any CPU
		{56048FBC-92EF-433F-95E3-B8EA9554CBBF}.Release|Any CPU.Build.0 = Release|Any CPU
		{B4E6794C-6EF6-43DE-9657-E7E1B0EEDBCC}.Debug|Any CPU.ActiveCfg = Debug|Any CPU
		{B4E6794C-6EF6-43DE-9657-E7E1B0EEDBCC}.Debug|Any CPU.Build.0 = Debug|Any CPU
		{B4E6794C-6EF6-43DE-9657-E7E1B0EEDBCC}.Release|Any CPU.ActiveCfg = Release|Any CPU
		{B4E6794C-6EF6-43DE-9657-E7E1B0EEDBCC}.Release|Any CPU.Build.0 = Release|Any CPU
	EndGlobalSection
EndGlobal
