
Microsoft Visual Studio Solution File, Format Version 12.00
Project("{FAE04EC0-301F-11D3-BF4B-00C04F79EFBC}") = "WCountAPI", "WCountAPI\WCountAPI.csproj", "{D565E451-D64E-456B-B35D-0E5B9EC41F5F}"
EndProject
Project("{FAE04EC0-301F-11D3-BF4B-00C04F79EFBC}") = "WCountLib", "WCountLib\WCountLib.csproj", "{3B8C0339-9905-4D4F-9DDE-F1E81D9CFBC2}"
EndProject
Project("{FAE04EC0-301F-11D3-BF4B-00C04F79EFBC}") = "WCountLib.ML", "WCountLib.ML\WCountLib.ML.csproj", "{7E4DEE9E-C5EE-4D77-B3A6-18ACED558762}"
EndProject
Project("{FAE04EC0-301F-11D3-BF4B-00C04F79EFBC}") = "WCountLib.Abstractions", "WCountLib.Abstractions\WCountLib.Abstractions.csproj", "{52CF3158-8AC1-4701-8AA7-6DE9D9309AE2}"
EndProject
Global
	GlobalSection(SolutionConfigurationPlatforms) = preSolution
		Debug|Any CPU = Debug|Any CPU
		Release|Any CPU = Release|Any CPU
	EndGlobalSection
	GlobalSection(ProjectConfigurationPlatforms) = postSolution
		{D565E451-D64E-456B-B35D-0E5B9EC41F5F}.Debug|Any CPU.ActiveCfg = Debug|Any CPU
		{D565E451-D64E-456B-B35D-0E5B9EC41F5F}.Debug|Any CPU.Build.0 = Debug|Any CPU
		{D565E451-D64E-456B-B35D-0E5B9EC41F5F}.Release|Any CPU.ActiveCfg = Release|Any CPU
		{D565E451-D64E-456B-B35D-0E5B9EC41F5F}.Release|Any CPU.Build.0 = Release|Any CPU
		{3B8C0339-9905-4D4F-9DDE-F1E81D9CFBC2}.Debug|Any CPU.ActiveCfg = Debug|Any CPU
		{3B8C0339-9905-4D4F-9DDE-F1E81D9CFBC2}.Debug|Any CPU.Build.0 = Debug|Any CPU
		{3B8C0339-9905-4D4F-9DDE-F1E81D9CFBC2}.Release|Any CPU.ActiveCfg = Release|Any CPU
		{3B8C0339-9905-4D4F-9DDE-F1E81D9CFBC2}.Release|Any CPU.Build.0 = Release|Any CPU
		{7E4DEE9E-C5EE-4D77-B3A6-18ACED558762}.Debug|Any CPU.ActiveCfg = Debug|Any CPU
		{7E4DEE9E-C5EE-4D77-B3A6-18ACED558762}.Debug|Any CPU.Build.0 = Debug|Any CPU
		{7E4DEE9E-C5EE-4D77-B3A6-18ACED558762}.Release|Any CPU.ActiveCfg = Release|Any CPU
		{7E4DEE9E-C5EE-4D77-B3A6-18ACED558762}.Release|Any CPU.Build.0 = Release|Any CPU
		{52CF3158-8AC1-4701-8AA7-6DE9D9309AE2}.Debug|Any CPU.ActiveCfg = Debug|Any CPU
		{52CF3158-8AC1-4701-8AA7-6DE9D9309AE2}.Debug|Any CPU.Build.0 = Debug|Any CPU
		{52CF3158-8AC1-4701-8AA7-6DE9D9309AE2}.Release|Any CPU.ActiveCfg = Release|Any CPU
		{52CF3158-8AC1-4701-8AA7-6DE9D9309AE2}.Release|Any CPU.Build.0 = Release|Any CPU
	EndGlobalSection
EndGlobal
