<Solution>
  <Folder Name="/APIs/">
    <Project Path="api/WCountApi/WCountApi.csproj" />
  </Folder>
  <Folder Name="/Libraries/">
    <Project Path="lib/WCountLib.Abstractions/WCountLib.Abstractions.csproj" />
    <Project Path="lib/WCountLib.Providers.wc/WCountLib.Providers.wc.csproj" />
    <Project Path="lib/WCountLib/WCountLib.csproj" />
  </Folder>
</Solution>
